
Microsoft Visual Studio Solution File, Format Version 12.00
# Visual Studio Version 16
VisualStudioVersion = 16.0.32901.82
MinimumVisualStudioVersion = 10.0.40219.1
Project("{FAE04EC0-301F-11D3-BF4B-00C04F79EFBC}") = "InventarioNet", "InventarioNet\InventarioNet.csproj", "{A8FA47D2-2AD2-46B8-B6F0-3E1FF51BEF51}"
EndProject
Global
	GlobalSection(SolutionConfigurationPlatforms) = preSolution
		Debug|Any CPU = Debug|Any CPU
		Release|Any CPU = Release|Any CPU
	EndGlobalSection
	GlobalSection(ProjectConfigurationPlatforms) = postSolution
		{A8FA47D2-2AD2-46B8-B6F0-3E1FF51BEF51}.Debug|Any CPU.ActiveCfg = Debug|Any CPU
		{A8FA47D2-2AD2-46B8-B6F0-3E1FF51BEF51}.Debug|Any CPU.Build.0 = Debug|Any CPU
		{A8FA47D2-2AD2-46B8-B6F0-3E1FF51BEF51}.Release|Any CPU.ActiveCfg = Release|Any CPU
		{A8FA47D2-2AD2-46B8-B6F0-3E1FF51BEF51}.Release|Any CPU.Build.0 = Release|Any CPU
	EndGlobalSection
	GlobalSection(SolutionProperties) = preSolution
		HideSolutionNode = FALSE
	EndGlobalSection
	GlobalSection(ExtensibilityGlobals) = postSolution
		SolutionGuid = {E4CE0AFA-97B1-4371-BB32-C9A5711D2C82}
	EndGlobalSection
EndGlobal
